
Microsoft Visual Studio Solution File, Format Version 12.00
# Visual Studio Version 16
VisualStudioVersion = 16.0.30011.22
MinimumVisualStudioVersion = 10.0.40219.1
Project("{FAE04EC0-301F-11D3-BF4B-00C04F79EFBC}") = "Chapter 26 Thread Basics", "Chapter 26 Thread Basics\Chapter 26 Thread Basics.csproj", "{8D5B6EBD-8CDF-44C1-A979-DEFD54D4B2A9}"
EndProject
Project("{FAE04EC0-301F-11D3-BF4B-00C04F79EFBC}") = "Chapter 27 Compute-Bound Asynchronous Operations", "Chapter 27 Compute-Bound Asynchronous Operations\Chapter 27 Compute-Bound Asynchronous Operations.csproj", "{F49E2C94-2B88-4D20-980F-9167390B1DE1}"
EndProject
Project("{FAE04EC0-301F-11D3-BF4B-00C04F79EFBC}") = "AsyncAwait", "AsyncAwait\AsyncAwait.csproj", "{5B644970-0D8C-4A6A-B7D0-4239A63A1C89}"
EndProject
Project("{FAE04EC0-301F-11D3-BF4B-00C04F79EFBC}") = "Sandbox", "Sandbox\Sandbox.csproj", "{721A47FA-701A-4FD8-9F83-B9AEA3AF7BEF}"
EndProject
Global
	GlobalSection(SolutionConfigurationPlatforms) = preSolution
		Debug|Any CPU = Debug|Any CPU
		Release|Any CPU = Release|Any CPU
	EndGlobalSection
	GlobalSection(ProjectConfigurationPlatforms) = postSolution
		{8D5B6EBD-8CDF-44C1-A979-DEFD54D4B2A9}.Debug|Any CPU.ActiveCfg = Debug|Any CPU
		{8D5B6EBD-8CDF-44C1-A979-DEFD54D4B2A9}.Debug|Any CPU.Build.0 = Debug|Any CPU
		{8D5B6EBD-8CDF-44C1-A979-DEFD54D4B2A9}.Release|Any CPU.ActiveCfg = Release|Any CPU
		{8D5B6EBD-8CDF-44C1-A979-DEFD54D4B2A9}.Release|Any CPU.Build.0 = Release|Any CPU
		{F49E2C94-2B88-4D20-980F-9167390B1DE1}.Debug|Any CPU.ActiveCfg = Debug|Any CPU
		{F49E2C94-2B88-4D20-980F-9167390B1DE1}.Debug|Any CPU.Build.0 = Debug|Any CPU
		{F49E2C94-2B88-4D20-980F-9167390B1DE1}.Release|Any CPU.ActiveCfg = Release|Any CPU
		{F49E2C94-2B88-4D20-980F-9167390B1DE1}.Release|Any CPU.Build.0 = Release|Any CPU
		{5B644970-0D8C-4A6A-B7D0-4239A63A1C89}.Debug|Any CPU.ActiveCfg = Debug|Any CPU
		{5B644970-0D8C-4A6A-B7D0-4239A63A1C89}.Debug|Any CPU.Build.0 = Debug|Any CPU
		{5B644970-0D8C-4A6A-B7D0-4239A63A1C89}.Release|Any CPU.ActiveCfg = Release|Any CPU
		{5B644970-0D8C-4A6A-B7D0-4239A63A1C89}.Release|Any CPU.Build.0 = Release|Any CPU
		{721A47FA-701A-4FD8-9F83-B9AEA3AF7BEF}.Debug|Any CPU.ActiveCfg = Debug|Any CPU
		{721A47FA-701A-4FD8-9F83-B9AEA3AF7BEF}.Debug|Any CPU.Build.0 = Debug|Any CPU
		{721A47FA-701A-4FD8-9F83-B9AEA3AF7BEF}.Release|Any CPU.ActiveCfg = Release|Any CPU
		{721A47FA-701A-4FD8-9F83-B9AEA3AF7BEF}.Release|Any CPU.Build.0 = Release|Any CPU
	EndGlobalSection
	GlobalSection(SolutionProperties) = preSolution
		HideSolutionNode = FALSE
	EndGlobalSection
	GlobalSection(ExtensibilityGlobals) = postSolution
		SolutionGuid = {9FD08A75-0108-4BD8-AAB4-E5BEABD9FAA5}
	EndGlobalSection
EndGlobal
